
Microsoft Visual Studio Solution File, Format Version 12.00
# Visual Studio Version 17
VisualStudioVersion = 17.14.36127.28 d17.14
MinimumVisualStudioVersion = 10.0.40219.1
Project("{FAE04EC0-301F-11D3-BF4B-00C04F79EFBC}") = "ReadWriteCookiesInServerSideBlazor", "ReadWriteCookiesInServerSideBlazor\ReadWriteCookiesInServerSideBlazor\ReadWriteCookiesInServerSideBlazor.csproj", "{A9697C38-D1F1-4563-AA13-3DEE55EC6FBF}"
EndProject
Project("{FAE04EC0-301F-11D3-BF4B-00C04F79EFBC}") = "ReadWriteCookiesInServerSideBlazor.Client", "ReadWriteCookiesInServerSideBlazor\ReadWriteCookiesInServerSideBlazor.Client\ReadWriteCookiesInServerSideBlazor.Client.csproj", "{068B9FEC-8603-4974-8041-DFF3A4474C11}"
EndProject
Global
	GlobalSection(SolutionConfigurationPlatforms) = preSolution
		Debug|Any CPU = Debug|Any CPU
		Release|Any CPU = Release|Any CPU
	EndGlobalSection
	GlobalSection(ProjectConfigurationPlatforms) = postSolution
		{A9697C38-D1F1-4563-AA13-3DEE55EC6FBF}.Debug|Any CPU.ActiveCfg = Debug|Any CPU
		{A9697C38-D1F1-4563-AA13-3DEE55EC6FBF}.Debug|Any CPU.Build.0 = Debug|Any CPU
		{A9697C38-D1F1-4563-AA13-3DEE55EC6FBF}.Release|Any CPU.ActiveCfg = Release|Any CPU
		{A9697C38-D1F1-4563-AA13-3DEE55EC6FBF}.Release|Any CPU.Build.0 = Release|Any CPU
		{068B9FEC-8603-4974-8041-DFF3A4474C11}.Debug|Any CPU.ActiveCfg = Debug|Any CPU
		{068B9FEC-8603-4974-8041-DFF3A4474C11}.Debug|Any CPU.Build.0 = Debug|Any CPU
		{068B9FEC-8603-4974-8041-DFF3A4474C11}.Release|Any CPU.ActiveCfg = Release|Any CPU
		{068B9FEC-8603-4974-8041-DFF3A4474C11}.Release|Any CPU.Build.0 = Release|Any CPU
	EndGlobalSection
	GlobalSection(SolutionProperties) = preSolution
		HideSolutionNode = FALSE
	EndGlobalSection
	GlobalSection(ExtensibilityGlobals) = postSolution
		SolutionGuid = {887EEBEF-A0AC-4124-9571-1B2974F9F8DC}
	EndGlobalSection
EndGlobal
